<Solution>
  <Folder Name="/services/" />
  <Folder Name="/services/identity-service/">
    <Project Path="services/identity-service/LearningPlatformAuth.csproj" />
  </Folder>
  <Folder Name="/services/student-service/">
    <Project Path="services/student-service/LearningPlatform.StudentService.csproj" />
  </Folder>
  <Folder Name="/services/teacher-service/">
    <Project Path="services/teacher-service/TeacherDashboardApi.csproj" />
  </Folder>
</Solution>
