<Solution>
  <Folder Name="/frontend/" />
  <Folder Name="/frontend/Student.MVC/">
    <Project Path="frontend/Student.MVC/LearningPlatform.StudentService.WebApp.csproj" />
  </Folder>
  <Folder Name="/services/" />
  <Folder Name="/services/student-service/">
    <Project Path="services/student-service/LearningPlatform.StudentService.csproj" />
  </Folder>
</Solution>
